{
  "requires": true,
  "lockfileVersion": 1,
  "dependencies": {
    "evaluatex": {
      "version": "2.1.2",
      "resolved": "https://registry.npmjs.org/evaluatex/-/evaluatex-2.1.2.tgz",
      "integrity": "sha512-vQi18Wo0qDScQJ+4U6cdwpeT2+6NgBPH1qiliw/2ap1RNzZP8K86Cc6LCrqeTC6r+/8B+9MRkgbbe7RffjUnJQ=="
    }
  }
}
